
Microsoft Visual Studio Solution File, Format Version 12.00
# Visual Studio Version 16
VisualStudioVersion = 16.0.30709.132
MinimumVisualStudioVersion = 10.0.40219.1
Project("{2150E333-8FDC-42A3-9474-1A3956D46DE8}") = "Samples", "Samples", "{BAE2F4F8-5FBA-4AE1-97E2-D0A9CA68E41F}"
EndProject
Project("{9A19103F-16F7-4668-BE54-9A1E7A4F7556}") = "Sample.Xamarin.Core", "Samples\Sample.Xamarin.Core\Sample.Xamarin.Core.csproj", "{02726CAA-72F3-4E3C-B06D-51C77A4B82BD}"
EndProject
Project("{FAE04EC0-301F-11D3-BF4B-00C04F79EFBC}") = "Sample.Xamarin.Droid", "Samples\Sample.Xamarin.Droid\Sample.Xamarin.Droid.csproj", "{DF913F02-DF84-4B94-B67D-E8103999A914}"
EndProject
Project("{FAE04EC0-301F-11D3-BF4B-00C04F79EFBC}") = "Sample.Xamarin.iOS", "Samples\Sample.Xamarin.iOS\Sample.Xamarin.iOS.csproj", "{2863A4FF-3167-4085-AE99-ABC1AAFE99D8}"
EndProject
Project("{FAE04EC0-301F-11D3-BF4B-00C04F79EFBC}") = "Sample.Xamarin.UWP", "Samples\Sample.Xamarin.UWP\Sample.Xamarin.UWP.csproj", "{73EA9FB3-ECD7-4FA6-90C4-7A2C3A3AFC17}"
EndProject
Project("{2150E333-8FDC-42A3-9474-1A3956D46DE8}") = "Tests", "Tests", "{0B602080-E0D6-4076-A709-4BE80FFAEAD8}"
EndProject
Project("{9A19103F-16F7-4668-BE54-9A1E7A4F7556}") = "Sentry.Xamarin.Forms.Testing", "Tests\Sentry.Xamarin.Forms.Testing\Sentry.Xamarin.Forms.Testing.csproj", "{7375E34B-2936-41D2-8DBD-A745BDC1662E}"
EndProject
Project("{FAE04EC0-301F-11D3-BF4B-00C04F79EFBC}") = "Sentry.Xamarin.Forms.UWP.Tests", "Tests\Sentry.Xamarin.Forms.UWP.Tests\Sentry.Xamarin.Forms.UWP.Tests.csproj", "{ED348898-C55D-4473-A5A7-F54F54D51965}"
EndProject
Project("{2150E333-8FDC-42A3-9474-1A3956D46DE8}") = "src", "src", "{F9D3811B-6620-4ABC-A66E-D8E723A73817}"
	ProjectSection(SolutionItems) = preProject
		Src\Directory.Build.props = Src\Directory.Build.props
	EndProjectSection
EndProject
Project("{9A19103F-16F7-4668-BE54-9A1E7A4F7556}") = "Sentry.Xamarin", "Src\Sentry.Xamarin\Sentry.Xamarin.csproj", "{C911DD4B-BCDC-4D76-83D1-DC40379DF816}"
EndProject
Project("{9A19103F-16F7-4668-BE54-9A1E7A4F7556}") = "Sentry.Xamarin.Forms", "Src\Sentry.Xamarin.Forms\Sentry.Xamarin.Forms.csproj", "{145C0011-638B-4DE5-81BA-F1F9F0901037}"
EndProject
Project("{2150E333-8FDC-42A3-9474-1A3956D46DE8}") = ".root", ".root", "{A2B3AFD4-AB38-4C2A-9BC2-7B7BD509FA6B}"
	ProjectSection(SolutionItems) = preProject
		CHANGELOG.md = CHANGELOG.md
		Directory.Build.props = Directory.Build.props
	EndProjectSection
EndProject
Project("{FAE04EC0-301F-11D3-BF4B-00C04F79EFBC}") = "com.sentry.ovenlibrary", "Samples\Forms\com.sentry.ovenlibrary\com.sentry.ovenlibrary.csproj", "{41A5D0E6-4DEA-44FF-A357-B76090DD733E}"
EndProject
Project("{2150E333-8FDC-42A3-9474-1A3956D46DE8}") = "libraries", "libraries", "{84B353E6-CE1E-44BB-BBEB-2CB2F619DC1A}"
EndProject
Project("{2150E333-8FDC-42A3-9474-1A3956D46DE8}") = "droid", "droid", "{1B47EB9C-14F2-4073-B906-926B35F096E5}"
EndProject
Project("{FAE04EC0-301F-11D3-BF4B-00C04F79EFBC}") = "io.sentry", "Src\libraries\droid\io.sentry\io.sentry.csproj", "{5CFA5829-4854-4085-B836-69A8DB0A0C10}"
EndProject
Project("{FAE04EC0-301F-11D3-BF4B-00C04F79EFBC}") = "io.sentry.android.core", "Src\libraries\droid\io.sentry.sentry-android\io.sentry.android.core.csproj", "{E550F170-C130-47D4-978B-926914CC7C59}"
EndProject
Global
	GlobalSection(SolutionConfigurationPlatforms) = preSolution
		Debug|Any CPU = Debug|Any CPU
		Debug|ARM = Debug|ARM
		Debug|ARM64 = Debug|ARM64
		Debug|iPhone = Debug|iPhone
		Debug|iPhoneSimulator = Debug|iPhoneSimulator
		Debug|x64 = Debug|x64
		Debug|x86 = Debug|x86
		Release|Any CPU = Release|Any CPU
		Release|ARM = Release|ARM
		Release|ARM64 = Release|ARM64
		Release|iPhone = Release|iPhone
		Release|iPhoneSimulator = Release|iPhoneSimulator
		Release|x64 = Release|x64
		Release|x86 = Release|x86
	EndGlobalSection
	GlobalSection(ProjectConfigurationPlatforms) = postSolution
		{02726CAA-72F3-4E3C-B06D-51C77A4B82BD}.Debug|Any CPU.ActiveCfg = Debug|Any CPU
		{02726CAA-72F3-4E3C-B06D-51C77A4B82BD}.Debug|Any CPU.Build.0 = Debug|Any CPU
		{02726CAA-72F3-4E3C-B06D-51C77A4B82BD}.Debug|ARM.ActiveCfg = Debug|Any CPU
		{02726CAA-72F3-4E3C-B06D-51C77A4B82BD}.Debug|ARM.Build.0 = Debug|Any CPU
		{02726CAA-72F3-4E3C-B06D-51C77A4B82BD}.Debug|ARM64.ActiveCfg = Debug|Any CPU
		{02726CAA-72F3-4E3C-B06D-51C77A4B82BD}.Debug|ARM64.Build.0 = Debug|Any CPU
		{02726CAA-72F3-4E3C-B06D-51C77A4B82BD}.Debug|iPhone.ActiveCfg = Debug|Any CPU
		{02726CAA-72F3-4E3C-B06D-51C77A4B82BD}.Debug|iPhone.Build.0 = Debug|Any CPU
		{02726CAA-72F3-4E3C-B06D-51C77A4B82BD}.Debug|iPhoneSimulator.ActiveCfg = Debug|Any CPU
		{02726CAA-72F3-4E3C-B06D-51C77A4B82BD}.Debug|iPhoneSimulator.Build.0 = Debug|Any CPU
		{02726CAA-72F3-4E3C-B06D-51C77A4B82BD}.Debug|x64.ActiveCfg = Debug|Any CPU
		{02726CAA-72F3-4E3C-B06D-51C77A4B82BD}.Debug|x64.Build.0 = Debug|Any CPU
		{02726CAA-72F3-4E3C-B06D-51C77A4B82BD}.Debug|x86.ActiveCfg = Debug|Any CPU
		{02726CAA-72F3-4E3C-B06D-51C77A4B82BD}.Debug|x86.Build.0 = Debug|Any CPU
		{02726CAA-72F3-4E3C-B06D-51C77A4B82BD}.Release|Any CPU.ActiveCfg = Release|Any CPU
		{02726CAA-72F3-4E3C-B06D-51C77A4B82BD}.Release|Any CPU.Build.0 = Release|Any CPU
		{02726CAA-72F3-4E3C-B06D-51C77A4B82BD}.Release|ARM.ActiveCfg = Release|Any CPU
		{02726CAA-72F3-4E3C-B06D-51C77A4B82BD}.Release|ARM.Build.0 = Release|Any CPU
		{02726CAA-72F3-4E3C-B06D-51C77A4B82BD}.Release|ARM64.ActiveCfg = Release|Any CPU
		{02726CAA-72F3-4E3C-B06D-51C77A4B82BD}.Release|ARM64.Build.0 = Release|Any CPU
		{02726CAA-72F3-4E3C-B06D-51C77A4B82BD}.Release|iPhone.ActiveCfg = Release|Any CPU
		{02726CAA-72F3-4E3C-B06D-51C77A4B82BD}.Release|iPhone.Build.0 = Release|Any CPU
		{02726CAA-72F3-4E3C-B06D-51C77A4B82BD}.Release|iPhoneSimulator.ActiveCfg = Release|Any CPU
		{02726CAA-72F3-4E3C-B06D-51C77A4B82BD}.Release|iPhoneSimulator.Build.0 = Release|Any CPU
		{02726CAA-72F3-4E3C-B06D-51C77A4B82BD}.Release|x64.ActiveCfg = Release|Any CPU
		{02726CAA-72F3-4E3C-B06D-51C77A4B82BD}.Release|x64.Build.0 = Release|Any CPU
		{02726CAA-72F3-4E3C-B06D-51C77A4B82BD}.Release|x86.ActiveCfg = Release|Any CPU
		{02726CAA-72F3-4E3C-B06D-51C77A4B82BD}.Release|x86.Build.0 = Release|Any CPU
		{DF913F02-DF84-4B94-B67D-E8103999A914}.Debug|Any CPU.ActiveCfg = Debug|Any CPU
		{DF913F02-DF84-4B94-B67D-E8103999A914}.Debug|Any CPU.Build.0 = Debug|Any CPU
		{DF913F02-DF84-4B94-B67D-E8103999A914}.Debug|Any CPU.Deploy.0 = Debug|Any CPU
		{DF913F02-DF84-4B94-B67D-E8103999A914}.Debug|ARM.ActiveCfg = Debug|Any CPU
		{DF913F02-DF84-4B94-B67D-E8103999A914}.Debug|ARM.Build.0 = Debug|Any CPU
		{DF913F02-DF84-4B94-B67D-E8103999A914}.Debug|ARM.Deploy.0 = Debug|Any CPU
		{DF913F02-DF84-4B94-B67D-E8103999A914}.Debug|ARM64.ActiveCfg = Debug|Any CPU
		{DF913F02-DF84-4B94-B67D-E8103999A914}.Debug|ARM64.Build.0 = Debug|Any CPU
		{DF913F02-DF84-4B94-B67D-E8103999A914}.Debug|ARM64.Deploy.0 = Debug|Any CPU
		{DF913F02-DF84-4B94-B67D-E8103999A914}.Debug|iPhone.ActiveCfg = Debug|Any CPU
		{DF913F02-DF84-4B94-B67D-E8103999A914}.Debug|iPhone.Build.0 = Debug|Any CPU
		{DF913F02-DF84-4B94-B67D-E8103999A914}.Debug|iPhone.Deploy.0 = Debug|Any CPU
		{DF913F02-DF84-4B94-B67D-E8103999A914}.Debug|iPhoneSimulator.ActiveCfg = Debug|Any CPU
		{DF913F02-DF84-4B94-B67D-E8103999A914}.Debug|iPhoneSimulator.Build.0 = Debug|Any CPU
		{DF913F02-DF84-4B94-B67D-E8103999A914}.Debug|iPhoneSimulator.Deploy.0 = Debug|Any CPU
		{DF913F02-DF84-4B94-B67D-E8103999A914}.Debug|x64.ActiveCfg = Debug|Any CPU
		{DF913F02-DF84-4B94-B67D-E8103999A914}.Debug|x64.Build.0 = Debug|Any CPU
		{DF913F02-DF84-4B94-B67D-E8103999A914}.Debug|x64.Deploy.0 = Debug|Any CPU
		{DF913F02-DF84-4B94-B67D-E8103999A914}.Debug|x86.ActiveCfg = Debug|Any CPU
		{DF913F02-DF84-4B94-B67D-E8103999A914}.Debug|x86.Build.0 = Debug|Any CPU
		{DF913F02-DF84-4B94-B67D-E8103999A914}.Debug|x86.Deploy.0 = Debug|Any CPU
		{DF913F02-DF84-4B94-B67D-E8103999A914}.Release|Any CPU.ActiveCfg = Release|Any CPU
		{DF913F02-DF84-4B94-B67D-E8103999A914}.Release|Any CPU.Build.0 = Release|Any CPU
		{DF913F02-DF84-4B94-B67D-E8103999A914}.Release|Any CPU.Deploy.0 = Release|Any CPU
		{DF913F02-DF84-4B94-B67D-E8103999A914}.Release|ARM.ActiveCfg = Release|Any CPU
		{DF913F02-DF84-4B94-B67D-E8103999A914}.Release|ARM.Build.0 = Release|Any CPU
		{DF913F02-DF84-4B94-B67D-E8103999A914}.Release|ARM.Deploy.0 = Release|Any CPU
		{DF913F02-DF84-4B94-B67D-E8103999A914}.Release|ARM64.ActiveCfg = Release|Any CPU
		{DF913F02-DF84-4B94-B67D-E8103999A914}.Release|ARM64.Build.0 = Release|Any CPU
		{DF913F02-DF84-4B94-B67D-E8103999A914}.Release|ARM64.Deploy.0 = Release|Any CPU
		{DF913F02-DF84-4B94-B67D-E8103999A914}.Release|iPhone.ActiveCfg = Release|Any CPU
		{DF913F02-DF84-4B94-B67D-E8103999A914}.Release|iPhone.Build.0 = Release|Any CPU
		{DF913F02-DF84-4B94-B67D-E8103999A914}.Release|iPhone.Deploy.0 = Release|Any CPU
		{DF913F02-DF84-4B94-B67D-E8103999A914}.Release|iPhoneSimulator.ActiveCfg = Release|Any CPU
		{DF913F02-DF84-4B94-B67D-E8103999A914}.Release|iPhoneSimulator.Build.0 = Release|Any CPU
		{DF913F02-DF84-4B94-B67D-E8103999A914}.Release|iPhoneSimulator.Deploy.0 = Release|Any CPU
		{DF913F02-DF84-4B94-B67D-E8103999A914}.Release|x64.ActiveCfg = Release|Any CPU
		{DF913F02-DF84-4B94-B67D-E8103999A914}.Release|x64.Build.0 = Release|Any CPU
		{DF913F02-DF84-4B94-B67D-E8103999A914}.Release|x64.Deploy.0 = Release|Any CPU
		{DF913F02-DF84-4B94-B67D-E8103999A914}.Release|x86.ActiveCfg = Release|Any CPU
		{DF913F02-DF84-4B94-B67D-E8103999A914}.Release|x86.Build.0 = Release|Any CPU
		{DF913F02-DF84-4B94-B67D-E8103999A914}.Release|x86.Deploy.0 = Release|Any CPU
		{2863A4FF-3167-4085-AE99-ABC1AAFE99D8}.Debug|Any CPU.ActiveCfg = Debug|iPhoneSimulator
		{2863A4FF-3167-4085-AE99-ABC1AAFE99D8}.Debug|ARM.ActiveCfg = Debug|iPhone
		{2863A4FF-3167-4085-AE99-ABC1AAFE99D8}.Debug|ARM64.ActiveCfg = Debug|iPhone
		{2863A4FF-3167-4085-AE99-ABC1AAFE99D8}.Debug|iPhone.ActiveCfg = Debug|iPhone
		{2863A4FF-3167-4085-AE99-ABC1AAFE99D8}.Debug|iPhone.Build.0 = Debug|iPhone
		{2863A4FF-3167-4085-AE99-ABC1AAFE99D8}.Debug|iPhoneSimulator.ActiveCfg = Debug|iPhoneSimulator
		{2863A4FF-3167-4085-AE99-ABC1AAFE99D8}.Debug|iPhoneSimulator.Build.0 = Debug|iPhoneSimulator
		{2863A4FF-3167-4085-AE99-ABC1AAFE99D8}.Debug|x64.ActiveCfg = Debug|iPhone
		{2863A4FF-3167-4085-AE99-ABC1AAFE99D8}.Debug|x86.ActiveCfg = Debug|iPhone
		{2863A4FF-3167-4085-AE99-ABC1AAFE99D8}.Release|Any CPU.ActiveCfg = Release|iPhoneSimulator
		{2863A4FF-3167-4085-AE99-ABC1AAFE99D8}.Release|ARM.ActiveCfg = Release|iPhone
		{2863A4FF-3167-4085-AE99-ABC1AAFE99D8}.Release|ARM64.ActiveCfg = Release|iPhone
		{2863A4FF-3167-4085-AE99-ABC1AAFE99D8}.Release|iPhone.ActiveCfg = Release|iPhone
		{2863A4FF-3167-4085-AE99-ABC1AAFE99D8}.Release|iPhone.Build.0 = Release|iPhone
		{2863A4FF-3167-4085-AE99-ABC1AAFE99D8}.Release|iPhoneSimulator.ActiveCfg = Release|iPhoneSimulator
		{2863A4FF-3167-4085-AE99-ABC1AAFE99D8}.Release|iPhoneSimulator.Build.0 = Release|iPhoneSimulator
		{2863A4FF-3167-4085-AE99-ABC1AAFE99D8}.Release|x64.ActiveCfg = Release|iPhone
		{2863A4FF-3167-4085-AE99-ABC1AAFE99D8}.Release|x86.ActiveCfg = Release|iPhone
		{73EA9FB3-ECD7-4FA6-90C4-7A2C3A3AFC17}.Debug|Any CPU.ActiveCfg = Debug|x86
		{73EA9FB3-ECD7-4FA6-90C4-7A2C3A3AFC17}.Debug|Any CPU.Build.0 = Debug|x86
		{73EA9FB3-ECD7-4FA6-90C4-7A2C3A3AFC17}.Debug|ARM.ActiveCfg = Debug|ARM
		{73EA9FB3-ECD7-4FA6-90C4-7A2C3A3AFC17}.Debug|ARM.Build.0 = Debug|ARM
		{73EA9FB3-ECD7-4FA6-90C4-7A2C3A3AFC17}.Debug|ARM.Deploy.0 = Debug|ARM
		{73EA9FB3-ECD7-4FA6-90C4-7A2C3A3AFC17}.Debug|ARM64.ActiveCfg = Debug|ARM64
		{73EA9FB3-ECD7-4FA6-90C4-7A2C3A3AFC17}.Debug|ARM64.Build.0 = Debug|ARM64
		{73EA9FB3-ECD7-4FA6-90C4-7A2C3A3AFC17}.Debug|ARM64.Deploy.0 = Debug|ARM64
		{73EA9FB3-ECD7-4FA6-90C4-7A2C3A3AFC17}.Debug|iPhone.ActiveCfg = Debug|x86
		{73EA9FB3-ECD7-4FA6-90C4-7A2C3A3AFC17}.Debug|iPhoneSimulator.ActiveCfg = Debug|x86
		{73EA9FB3-ECD7-4FA6-90C4-7A2C3A3AFC17}.Debug|x64.ActiveCfg = Debug|x64
		{73EA9FB3-ECD7-4FA6-90C4-7A2C3A3AFC17}.Debug|x64.Build.0 = Debug|x64
		{73EA9FB3-ECD7-4FA6-90C4-7A2C3A3AFC17}.Debug|x64.Deploy.0 = Debug|x64
		{73EA9FB3-ECD7-4FA6-90C4-7A2C3A3AFC17}.Debug|x86.ActiveCfg = Debug|x86
		{73EA9FB3-ECD7-4FA6-90C4-7A2C3A3AFC17}.Debug|x86.Build.0 = Debug|x86
		{73EA9FB3-ECD7-4FA6-90C4-7A2C3A3AFC17}.Debug|x86.Deploy.0 = Debug|x86
		{73EA9FB3-ECD7-4FA6-90C4-7A2C3A3AFC17}.Release|Any CPU.ActiveCfg = Release|x86
		{73EA9FB3-ECD7-4FA6-90C4-7A2C3A3AFC17}.Release|Any CPU.Build.0 = Release|x86
		{73EA9FB3-ECD7-4FA6-90C4-7A2C3A3AFC17}.Release|ARM.ActiveCfg = Release|ARM
		{73EA9FB3-ECD7-4FA6-90C4-7A2C3A3AFC17}.Release|ARM.Build.0 = Release|ARM
		{73EA9FB3-ECD7-4FA6-90C4-7A2C3A3AFC17}.Release|ARM.Deploy.0 = Release|ARM
		{73EA9FB3-ECD7-4FA6-90C4-7A2C3A3AFC17}.Release|ARM64.ActiveCfg = Release|ARM64
		{73EA9FB3-ECD7-4FA6-90C4-7A2C3A3AFC17}.Release|ARM64.Build.0 = Release|ARM64
		{73EA9FB3-ECD7-4FA6-90C4-7A2C3A3AFC17}.Release|ARM64.Deploy.0 = Release|ARM64
		{73EA9FB3-ECD7-4FA6-90C4-7A2C3A3AFC17}.Release|iPhone.ActiveCfg = Release|x86
		{73EA9FB3-ECD7-4FA6-90C4-7A2C3A3AFC17}.Release|iPhoneSimulator.ActiveCfg = Release|x86
		{73EA9FB3-ECD7-4FA6-90C4-7A2C3A3AFC17}.Release|x64.ActiveCfg = Release|x64
		{73EA9FB3-ECD7-4FA6-90C4-7A2C3A3AFC17}.Release|x64.Build.0 = Release|x64
		{73EA9FB3-ECD7-4FA6-90C4-7A2C3A3AFC17}.Release|x64.Deploy.0 = Release|x64
		{73EA9FB3-ECD7-4FA6-90C4-7A2C3A3AFC17}.Release|x86.ActiveCfg = Release|x86
		{73EA9FB3-ECD7-4FA6-90C4-7A2C3A3AFC17}.Release|x86.Build.0 = Release|x86
		{73EA9FB3-ECD7-4FA6-90C4-7A2C3A3AFC17}.Release|x86.Deploy.0 = Release|x86
		{7375E34B-2936-41D2-8DBD-A745BDC1662E}.Debug|Any CPU.ActiveCfg = Debug|Any CPU
		{7375E34B-2936-41D2-8DBD-A745BDC1662E}.Debug|Any CPU.Build.0 = Debug|Any CPU
		{7375E34B-2936-41D2-8DBD-A745BDC1662E}.Debug|ARM.ActiveCfg = Debug|Any CPU
		{7375E34B-2936-41D2-8DBD-A745BDC1662E}.Debug|ARM.Build.0 = Debug|Any CPU
		{7375E34B-2936-41D2-8DBD-A745BDC1662E}.Debug|ARM64.ActiveCfg = Debug|Any CPU
		{7375E34B-2936-41D2-8DBD-A745BDC1662E}.Debug|ARM64.Build.0 = Debug|Any CPU
		{7375E34B-2936-41D2-8DBD-A745BDC1662E}.Debug|iPhone.ActiveCfg = Debug|Any CPU
		{7375E34B-2936-41D2-8DBD-A745BDC1662E}.Debug|iPhone.Build.0 = Debug|Any CPU
		{7375E34B-2936-41D2-8DBD-A745BDC1662E}.Debug|iPhoneSimulator.ActiveCfg = Debug|Any CPU
		{7375E34B-2936-41D2-8DBD-A745BDC1662E}.Debug|iPhoneSimulator.Build.0 = Debug|Any CPU
		{7375E34B-2936-41D2-8DBD-A745BDC1662E}.Debug|x64.ActiveCfg = Debug|Any CPU
		{7375E34B-2936-41D2-8DBD-A745BDC1662E}.Debug|x64.Build.0 = Debug|Any CPU
		{7375E34B-2936-41D2-8DBD-A745BDC1662E}.Debug|x86.ActiveCfg = Debug|Any CPU
		{7375E34B-2936-41D2-8DBD-A745BDC1662E}.Debug|x86.Build.0 = Debug|Any CPU
		{7375E34B-2936-41D2-8DBD-A745BDC1662E}.Release|Any CPU.ActiveCfg = Release|Any CPU
		{7375E34B-2936-41D2-8DBD-A745BDC1662E}.Release|Any CPU.Build.0 = Release|Any CPU
		{7375E34B-2936-41D2-8DBD-A745BDC1662E}.Release|ARM.ActiveCfg = Release|Any CPU
		{7375E34B-2936-41D2-8DBD-A745BDC1662E}.Release|ARM.Build.0 = Release|Any CPU
		{7375E34B-2936-41D2-8DBD-A745BDC1662E}.Release|ARM64.ActiveCfg = Release|Any CPU
		{7375E34B-2936-41D2-8DBD-A745BDC1662E}.Release|ARM64.Build.0 = Release|Any CPU
		{7375E34B-2936-41D2-8DBD-A745BDC1662E}.Release|iPhone.ActiveCfg = Release|Any CPU
		{7375E34B-2936-41D2-8DBD-A745BDC1662E}.Release|iPhone.Build.0 = Release|Any CPU
		{7375E34B-2936-41D2-8DBD-A745BDC1662E}.Release|iPhoneSimulator.ActiveCfg = Release|Any CPU
		{7375E34B-2936-41D2-8DBD-A745BDC1662E}.Release|iPhoneSimulator.Build.0 = Release|Any CPU
		{7375E34B-2936-41D2-8DBD-A745BDC1662E}.Release|x64.ActiveCfg = Release|Any CPU
		{7375E34B-2936-41D2-8DBD-A745BDC1662E}.Release|x64.Build.0 = Release|Any CPU
		{7375E34B-2936-41D2-8DBD-A745BDC1662E}.Release|x86.ActiveCfg = Release|Any CPU
		{7375E34B-2936-41D2-8DBD-A745BDC1662E}.Release|x86.Build.0 = Release|Any CPU
		{ED348898-C55D-4473-A5A7-F54F54D51965}.Debug|Any CPU.ActiveCfg = Debug|x86
		{ED348898-C55D-4473-A5A7-F54F54D51965}.Debug|Any CPU.Build.0 = Debug|x86
		{ED348898-C55D-4473-A5A7-F54F54D51965}.Debug|ARM.ActiveCfg = Debug|ARM
		{ED348898-C55D-4473-A5A7-F54F54D51965}.Debug|ARM.Build.0 = Debug|ARM
		{ED348898-C55D-4473-A5A7-F54F54D51965}.Debug|ARM.Deploy.0 = Debug|ARM
		{ED348898-C55D-4473-A5A7-F54F54D51965}.Debug|ARM64.ActiveCfg = Debug|ARM64
		{ED348898-C55D-4473-A5A7-F54F54D51965}.Debug|ARM64.Build.0 = Debug|ARM64
		{ED348898-C55D-4473-A5A7-F54F54D51965}.Debug|ARM64.Deploy.0 = Debug|ARM64
		{ED348898-C55D-4473-A5A7-F54F54D51965}.Debug|iPhone.ActiveCfg = Debug|x86
		{ED348898-C55D-4473-A5A7-F54F54D51965}.Debug|iPhoneSimulator.ActiveCfg = Debug|x86
		{ED348898-C55D-4473-A5A7-F54F54D51965}.Debug|x64.ActiveCfg = Debug|x64
		{ED348898-C55D-4473-A5A7-F54F54D51965}.Debug|x64.Build.0 = Debug|x64
		{ED348898-C55D-4473-A5A7-F54F54D51965}.Debug|x64.Deploy.0 = Debug|x64
		{ED348898-C55D-4473-A5A7-F54F54D51965}.Debug|x86.ActiveCfg = Debug|x86
		{ED348898-C55D-4473-A5A7-F54F54D51965}.Debug|x86.Build.0 = Debug|x86
		{ED348898-C55D-4473-A5A7-F54F54D51965}.Debug|x86.Deploy.0 = Debug|x86
		{ED348898-C55D-4473-A5A7-F54F54D51965}.Release|Any CPU.ActiveCfg = Release|x86
		{ED348898-C55D-4473-A5A7-F54F54D51965}.Release|Any CPU.Build.0 = Release|x86
		{ED348898-C55D-4473-A5A7-F54F54D51965}.Release|ARM.ActiveCfg = Release|ARM
		{ED348898-C55D-4473-A5A7-F54F54D51965}.Release|ARM.Build.0 = Release|ARM
		{ED348898-C55D-4473-A5A7-F54F54D51965}.Release|ARM.Deploy.0 = Release|ARM
		{ED348898-C55D-4473-A5A7-F54F54D51965}.Release|ARM64.ActiveCfg = Release|ARM64
		{ED348898-C55D-4473-A5A7-F54F54D51965}.Release|ARM64.Build.0 = Release|ARM64
		{ED348898-C55D-4473-A5A7-F54F54D51965}.Release|ARM64.Deploy.0 = Release|ARM64
		{ED348898-C55D-4473-A5A7-F54F54D51965}.Release|iPhone.ActiveCfg = Release|x86
		{ED348898-C55D-4473-A5A7-F54F54D51965}.Release|iPhoneSimulator.ActiveCfg = Release|x86
		{ED348898-C55D-4473-A5A7-F54F54D51965}.Release|x64.ActiveCfg = Release|x64
		{ED348898-C55D-4473-A5A7-F54F54D51965}.Release|x64.Build.0 = Release|x64
		{ED348898-C55D-4473-A5A7-F54F54D51965}.Release|x64.Deploy.0 = Release|x64
		{ED348898-C55D-4473-A5A7-F54F54D51965}.Release|x86.ActiveCfg = Release|x86
		{ED348898-C55D-4473-A5A7-F54F54D51965}.Release|x86.Build.0 = Release|x86
		{ED348898-C55D-4473-A5A7-F54F54D51965}.Release|x86.Deploy.0 = Release|x86
		{C911DD4B-BCDC-4D76-83D1-DC40379DF816}.Debug|Any CPU.ActiveCfg = Debug|Any CPU
		{C911DD4B-BCDC-4D76-83D1-DC40379DF816}.Debug|Any CPU.Build.0 = Debug|Any CPU
		{C911DD4B-BCDC-4D76-83D1-DC40379DF816}.Debug|ARM.ActiveCfg = Debug|Any CPU
		{C911DD4B-BCDC-4D76-83D1-DC40379DF816}.Debug|ARM.Build.0 = Debug|Any CPU
		{C911DD4B-BCDC-4D76-83D1-DC40379DF816}.Debug|ARM64.ActiveCfg = Debug|Any CPU
		{C911DD4B-BCDC-4D76-83D1-DC40379DF816}.Debug|ARM64.Build.0 = Debug|Any CPU
		{C911DD4B-BCDC-4D76-83D1-DC40379DF816}.Debug|iPhone.ActiveCfg = Debug|Any CPU
		{C911DD4B-BCDC-4D76-83D1-DC40379DF816}.Debug|iPhone.Build.0 = Debug|Any CPU
		{C911DD4B-BCDC-4D76-83D1-DC40379DF816}.Debug|iPhoneSimulator.ActiveCfg = Debug|Any CPU
		{C911DD4B-BCDC-4D76-83D1-DC40379DF816}.Debug|iPhoneSimulator.Build.0 = Debug|Any CPU
		{C911DD4B-BCDC-4D76-83D1-DC40379DF816}.Debug|x64.ActiveCfg = Debug|Any CPU
		{C911DD4B-BCDC-4D76-83D1-DC40379DF816}.Debug|x64.Build.0 = Debug|Any CPU
		{C911DD4B-BCDC-4D76-83D1-DC40379DF816}.Debug|x86.ActiveCfg = Debug|Any CPU
		{C911DD4B-BCDC-4D76-83D1-DC40379DF816}.Debug|x86.Build.0 = Debug|Any CPU
		{C911DD4B-BCDC-4D76-83D1-DC40379DF816}.Release|Any CPU.ActiveCfg = Release|Any CPU
		{C911DD4B-BCDC-4D76-83D1-DC40379DF816}.Release|Any CPU.Build.0 = Release|Any CPU
		{C911DD4B-BCDC-4D76-83D1-DC40379DF816}.Release|ARM.ActiveCfg = Release|Any CPU
		{C911DD4B-BCDC-4D76-83D1-DC40379DF816}.Release|ARM.Build.0 = Release|Any CPU
		{C911DD4B-BCDC-4D76-83D1-DC40379DF816}.Release|ARM64.ActiveCfg = Release|Any CPU
		{C911DD4B-BCDC-4D76-83D1-DC40379DF816}.Release|ARM64.Build.0 = Release|Any CPU
		{C911DD4B-BCDC-4D76-83D1-DC40379DF816}.Release|iPhone.ActiveCfg = Release|Any CPU
		{C911DD4B-BCDC-4D76-83D1-DC40379DF816}.Release|iPhone.Build.0 = Release|Any CPU
		{C911DD4B-BCDC-4D76-83D1-DC40379DF816}.Release|iPhoneSimulator.ActiveCfg = Release|Any CPU
		{C911DD4B-BCDC-4D76-83D1-DC40379DF816}.Release|iPhoneSimulator.Build.0 = Release|Any CPU
		{C911DD4B-BCDC-4D76-83D1-DC40379DF816}.Release|x64.ActiveCfg = Release|Any CPU
		{C911DD4B-BCDC-4D76-83D1-DC40379DF816}.Release|x64.Build.0 = Release|Any CPU
		{C911DD4B-BCDC-4D76-83D1-DC40379DF816}.Release|x86.ActiveCfg = Release|Any CPU
		{C911DD4B-BCDC-4D76-83D1-DC40379DF816}.Release|x86.Build.0 = Release|Any CPU
		{145C0011-638B-4DE5-81BA-F1F9F0901037}.Debug|Any CPU.ActiveCfg = Debug|Any CPU
		{145C0011-638B-4DE5-81BA-F1F9F0901037}.Debug|Any CPU.Build.0 = Debug|Any CPU
		{145C0011-638B-4DE5-81BA-F1F9F0901037}.Debug|ARM.ActiveCfg = Debug|Any CPU
		{145C0011-638B-4DE5-81BA-F1F9F0901037}.Debug|ARM.Build.0 = Debug|Any CPU
		{145C0011-638B-4DE5-81BA-F1F9F0901037}.Debug|ARM64.ActiveCfg = Debug|Any CPU
		{145C0011-638B-4DE5-81BA-F1F9F0901037}.Debug|ARM64.Build.0 = Debug|Any CPU
		{145C0011-638B-4DE5-81BA-F1F9F0901037}.Debug|iPhone.ActiveCfg = Debug|Any CPU
		{145C0011-638B-4DE5-81BA-F1F9F0901037}.Debug|iPhone.Build.0 = Debug|Any CPU
		{145C0011-638B-4DE5-81BA-F1F9F0901037}.Debug|iPhoneSimulator.ActiveCfg = Debug|Any CPU
		{145C0011-638B-4DE5-81BA-F1F9F0901037}.Debug|iPhoneSimulator.Build.0 = Debug|Any CPU
		{145C0011-638B-4DE5-81BA-F1F9F0901037}.Debug|x64.ActiveCfg = Debug|Any CPU
		{145C0011-638B-4DE5-81BA-F1F9F0901037}.Debug|x64.Build.0 = Debug|Any CPU
		{145C0011-638B-4DE5-81BA-F1F9F0901037}.Debug|x86.ActiveCfg = Debug|Any CPU
		{145C0011-638B-4DE5-81BA-F1F9F0901037}.Debug|x86.Build.0 = Debug|Any CPU
		{145C0011-638B-4DE5-81BA-F1F9F0901037}.Release|Any CPU.ActiveCfg = Release|Any CPU
		{145C0011-638B-4DE5-81BA-F1F9F0901037}.Release|Any CPU.Build.0 = Release|Any CPU
		{145C0011-638B-4DE5-81BA-F1F9F0901037}.Release|ARM.ActiveCfg = Release|Any CPU
		{145C0011-638B-4DE5-81BA-F1F9F0901037}.Release|ARM.Build.0 = Release|Any CPU
		{145C0011-638B-4DE5-81BA-F1F9F0901037}.Release|ARM64.ActiveCfg = Release|Any CPU
		{145C0011-638B-4DE5-81BA-F1F9F0901037}.Release|ARM64.Build.0 = Release|Any CPU
		{145C0011-638B-4DE5-81BA-F1F9F0901037}.Release|iPhone.ActiveCfg = Release|Any CPU
		{145C0011-638B-4DE5-81BA-F1F9F0901037}.Release|iPhone.Build.0 = Release|Any CPU
		{145C0011-638B-4DE5-81BA-F1F9F0901037}.Release|iPhoneSimulator.ActiveCfg = Release|Any CPU
		{145C0011-638B-4DE5-81BA-F1F9F0901037}.Release|iPhoneSimulator.Build.0 = Release|Any CPU
		{145C0011-638B-4DE5-81BA-F1F9F0901037}.Release|x64.ActiveCfg = Release|Any CPU
		{145C0011-638B-4DE5-81BA-F1F9F0901037}.Release|x64.Build.0 = Release|Any CPU
		{145C0011-638B-4DE5-81BA-F1F9F0901037}.Release|x86.ActiveCfg = Release|Any CPU
		{145C0011-638B-4DE5-81BA-F1F9F0901037}.Release|x86.Build.0 = Release|Any CPU
		{41A5D0E6-4DEA-44FF-A357-B76090DD733E}.Debug|Any CPU.ActiveCfg = Debug|Any CPU
		{41A5D0E6-4DEA-44FF-A357-B76090DD733E}.Debug|Any CPU.Build.0 = Debug|Any CPU
		{41A5D0E6-4DEA-44FF-A357-B76090DD733E}.Debug|ARM.ActiveCfg = Debug|Any CPU
		{41A5D0E6-4DEA-44FF-A357-B76090DD733E}.Debug|ARM.Build.0 = Debug|Any CPU
		{41A5D0E6-4DEA-44FF-A357-B76090DD733E}.Debug|ARM64.ActiveCfg = Debug|Any CPU
		{41A5D0E6-4DEA-44FF-A357-B76090DD733E}.Debug|ARM64.Build.0 = Debug|Any CPU
		{41A5D0E6-4DEA-44FF-A357-B76090DD733E}.Debug|iPhone.ActiveCfg = Debug|Any CPU
		{41A5D0E6-4DEA-44FF-A357-B76090DD733E}.Debug|iPhone.Build.0 = Debug|Any CPU
		{41A5D0E6-4DEA-44FF-A357-B76090DD733E}.Debug|iPhoneSimulator.ActiveCfg = Debug|Any CPU
		{41A5D0E6-4DEA-44FF-A357-B76090DD733E}.Debug|iPhoneSimulator.Build.0 = Debug|Any CPU
		{41A5D0E6-4DEA-44FF-A357-B76090DD733E}.Debug|x64.ActiveCfg = Debug|Any CPU
		{41A5D0E6-4DEA-44FF-A357-B76090DD733E}.Debug|x64.Build.0 = Debug|Any CPU
		{41A5D0E6-4DEA-44FF-A357-B76090DD733E}.Debug|x86.ActiveCfg = Debug|Any CPU
		{41A5D0E6-4DEA-44FF-A357-B76090DD733E}.Debug|x86.Build.0 = Debug|Any CPU
		{41A5D0E6-4DEA-44FF-A357-B76090DD733E}.Release|Any CPU.ActiveCfg = Release|Any CPU
		{41A5D0E6-4DEA-44FF-A357-B76090DD733E}.Release|Any CPU.Build.0 = Release|Any CPU
		{41A5D0E6-4DEA-44FF-A357-B76090DD733E}.Release|ARM.ActiveCfg = Release|Any CPU
		{41A5D0E6-4DEA-44FF-A357-B76090DD733E}.Release|ARM.Build.0 = Release|Any CPU
		{41A5D0E6-4DEA-44FF-A357-B76090DD733E}.Release|ARM64.ActiveCfg = Release|Any CPU
		{41A5D0E6-4DEA-44FF-A357-B76090DD733E}.Release|ARM64.Build.0 = Release|Any CPU
		{41A5D0E6-4DEA-44FF-A357-B76090DD733E}.Release|iPhone.ActiveCfg = Release|Any CPU
		{41A5D0E6-4DEA-44FF-A357-B76090DD733E}.Release|iPhone.Build.0 = Release|Any CPU
		{41A5D0E6-4DEA-44FF-A357-B76090DD733E}.Release|iPhoneSimulator.ActiveCfg = Release|Any CPU
		{41A5D0E6-4DEA-44FF-A357-B76090DD733E}.Release|iPhoneSimulator.Build.0 = Release|Any CPU
		{41A5D0E6-4DEA-44FF-A357-B76090DD733E}.Release|x64.ActiveCfg = Release|Any CPU
		{41A5D0E6-4DEA-44FF-A357-B76090DD733E}.Release|x64.Build.0 = Release|Any CPU
		{41A5D0E6-4DEA-44FF-A357-B76090DD733E}.Release|x86.ActiveCfg = Release|Any CPU
		{41A5D0E6-4DEA-44FF-A357-B76090DD733E}.Release|x86.Build.0 = Release|Any CPU
		{5CFA5829-4854-4085-B836-69A8DB0A0C10}.Debug|Any CPU.ActiveCfg = Debug|Any CPU
		{5CFA5829-4854-4085-B836-69A8DB0A0C10}.Debug|Any CPU.Build.0 = Debug|Any CPU
		{5CFA5829-4854-4085-B836-69A8DB0A0C10}.Debug|ARM.ActiveCfg = Debug|Any CPU
		{5CFA5829-4854-4085-B836-69A8DB0A0C10}.Debug|ARM.Build.0 = Debug|Any CPU
		{5CFA5829-4854-4085-B836-69A8DB0A0C10}.Debug|ARM64.ActiveCfg = Debug|Any CPU
		{5CFA5829-4854-4085-B836-69A8DB0A0C10}.Debug|ARM64.Build.0 = Debug|Any CPU
		{5CFA5829-4854-4085-B836-69A8DB0A0C10}.Debug|iPhone.ActiveCfg = Debug|Any CPU
		{5CFA5829-4854-4085-B836-69A8DB0A0C10}.Debug|iPhone.Build.0 = Debug|Any CPU
		{5CFA5829-4854-4085-B836-69A8DB0A0C10}.Debug|iPhoneSimulator.ActiveCfg = Debug|Any CPU
		{5CFA5829-4854-4085-B836-69A8DB0A0C10}.Debug|iPhoneSimulator.Build.0 = Debug|Any CPU
		{5CFA5829-4854-4085-B836-69A8DB0A0C10}.Debug|x64.ActiveCfg = Debug|Any CPU
		{5CFA5829-4854-4085-B836-69A8DB0A0C10}.Debug|x64.Build.0 = Debug|Any CPU
		{5CFA5829-4854-4085-B836-69A8DB0A0C10}.Debug|x86.ActiveCfg = Debug|Any CPU
		{5CFA5829-4854-4085-B836-69A8DB0A0C10}.Debug|x86.Build.0 = Debug|Any CPU
		{5CFA5829-4854-4085-B836-69A8DB0A0C10}.Release|Any CPU.ActiveCfg = Release|Any CPU
		{5CFA5829-4854-4085-B836-69A8DB0A0C10}.Release|Any CPU.Build.0 = Release|Any CPU
		{5CFA5829-4854-4085-B836-69A8DB0A0C10}.Release|ARM.ActiveCfg = Release|Any CPU
		{5CFA5829-4854-4085-B836-69A8DB0A0C10}.Release|ARM.Build.0 = Release|Any CPU
		{5CFA5829-4854-4085-B836-69A8DB0A0C10}.Release|ARM64.ActiveCfg = Release|Any CPU
		{5CFA5829-4854-4085-B836-69A8DB0A0C10}.Release|ARM64.Build.0 = Release|Any CPU
		{5CFA5829-4854-4085-B836-69A8DB0A0C10}.Release|iPhone.ActiveCfg = Release|Any CPU
		{5CFA5829-4854-4085-B836-69A8DB0A0C10}.Release|iPhone.Build.0 = Release|Any CPU
		{5CFA5829-4854-4085-B836-69A8DB0A0C10}.Release|iPhoneSimulator.ActiveCfg = Release|Any CPU
		{5CFA5829-4854-4085-B836-69A8DB0A0C10}.Release|iPhoneSimulator.Build.0 = Release|Any CPU
		{5CFA5829-4854-4085-B836-69A8DB0A0C10}.Release|x64.ActiveCfg = Release|Any CPU
		{5CFA5829-4854-4085-B836-69A8DB0A0C10}.Release|x64.Build.0 = Release|Any CPU
		{5CFA5829-4854-4085-B836-69A8DB0A0C10}.Release|x86.ActiveCfg = Release|Any CPU
		{5CFA5829-4854-4085-B836-69A8DB0A0C10}.Release|x86.Build.0 = Release|Any CPU
		{E550F170-C130-47D4-978B-926914CC7C59}.Debug|Any CPU.ActiveCfg = Debug|Any CPU
		{E550F170-C130-47D4-978B-926914CC7C59}.Debug|Any CPU.Build.0 = Debug|Any CPU
		{E550F170-C130-47D4-978B-926914CC7C59}.Debug|ARM.ActiveCfg = Debug|Any CPU
		{E550F170-C130-47D4-978B-926914CC7C59}.Debug|ARM.Build.0 = Debug|Any CPU
		{E550F170-C130-47D4-978B-926914CC7C59}.Debug|ARM64.ActiveCfg = Debug|Any CPU
		{E550F170-C130-47D4-978B-926914CC7C59}.Debug|ARM64.Build.0 = Debug|Any CPU
		{E550F170-C130-47D4-978B-926914CC7C59}.Debug|iPhone.ActiveCfg = Debug|Any CPU
		{E550F170-C130-47D4-978B-926914CC7C59}.Debug|iPhone.Build.0 = Debug|Any CPU
		{E550F170-C130-47D4-978B-926914CC7C59}.Debug|iPhoneSimulator.ActiveCfg = Debug|Any CPU
		{E550F170-C130-47D4-978B-926914CC7C59}.Debug|iPhoneSimulator.Build.0 = Debug|Any CPU
		{E550F170-C130-47D4-978B-926914CC7C59}.Debug|x64.ActiveCfg = Debug|Any CPU
		{E550F170-C130-47D4-978B-926914CC7C59}.Debug|x64.Build.0 = Debug|Any CPU
		{E550F170-C130-47D4-978B-926914CC7C59}.Debug|x86.ActiveCfg = Debug|Any CPU
		{E550F170-C130-47D4-978B-926914CC7C59}.Debug|x86.Build.0 = Debug|Any CPU
		{E550F170-C130-47D4-978B-926914CC7C59}.Release|Any CPU.ActiveCfg = Release|Any CPU
		{E550F170-C130-47D4-978B-926914CC7C59}.Release|Any CPU.Build.0 = Release|Any CPU
		{E550F170-C130-47D4-978B-926914CC7C59}.Release|ARM.ActiveCfg = Release|Any CPU
		{E550F170-C130-47D4-978B-926914CC7C59}.Release|ARM.Build.0 = Release|Any CPU
		{E550F170-C130-47D4-978B-926914CC7C59}.Release|ARM64.ActiveCfg = Release|Any CPU
		{E550F170-C130-47D4-978B-926914CC7C59}.Release|ARM64.Build.0 = Release|Any CPU
		{E550F170-C130-47D4-978B-926914CC7C59}.Release|iPhone.ActiveCfg = Release|Any CPU
		{E550F170-C130-47D4-978B-926914CC7C59}.Release|iPhone.Build.0 = Release|Any CPU
		{E550F170-C130-47D4-978B-926914CC7C59}.Release|iPhoneSimulator.ActiveCfg = Release|Any CPU
		{E550F170-C130-47D4-978B-926914CC7C59}.Release|iPhoneSimulator.Build.0 = Release|Any CPU
		{E550F170-C130-47D4-978B-926914CC7C59}.Release|x64.ActiveCfg = Release|Any CPU
		{E550F170-C130-47D4-978B-926914CC7C59}.Release|x64.Build.0 = Release|Any CPU
		{E550F170-C130-47D4-978B-926914CC7C59}.Release|x86.ActiveCfg = Release|Any CPU
		{E550F170-C130-47D4-978B-926914CC7C59}.Release|x86.Build.0 = Release|Any CPU
	EndGlobalSection
	GlobalSection(SolutionProperties) = preSolution
		HideSolutionNode = FALSE
	EndGlobalSection
	GlobalSection(NestedProjects) = preSolution
		{02726CAA-72F3-4E3C-B06D-51C77A4B82BD} = {BAE2F4F8-5FBA-4AE1-97E2-D0A9CA68E41F}
		{DF913F02-DF84-4B94-B67D-E8103999A914} = {BAE2F4F8-5FBA-4AE1-97E2-D0A9CA68E41F}
		{2863A4FF-3167-4085-AE99-ABC1AAFE99D8} = {BAE2F4F8-5FBA-4AE1-97E2-D0A9CA68E41F}
		{73EA9FB3-ECD7-4FA6-90C4-7A2C3A3AFC17} = {BAE2F4F8-5FBA-4AE1-97E2-D0A9CA68E41F}
		{7375E34B-2936-41D2-8DBD-A745BDC1662E} = {0B602080-E0D6-4076-A709-4BE80FFAEAD8}
		{ED348898-C55D-4473-A5A7-F54F54D51965} = {0B602080-E0D6-4076-A709-4BE80FFAEAD8}
		{C911DD4B-BCDC-4D76-83D1-DC40379DF816} = {F9D3811B-6620-4ABC-A66E-D8E723A73817}
		{145C0011-638B-4DE5-81BA-F1F9F0901037} = {F9D3811B-6620-4ABC-A66E-D8E723A73817}
		{41A5D0E6-4DEA-44FF-A357-B76090DD733E} = {BAE2F4F8-5FBA-4AE1-97E2-D0A9CA68E41F}
		{84B353E6-CE1E-44BB-BBEB-2CB2F619DC1A} = {F9D3811B-6620-4ABC-A66E-D8E723A73817}
		{1B47EB9C-14F2-4073-B906-926B35F096E5} = {84B353E6-CE1E-44BB-BBEB-2CB2F619DC1A}
		{5CFA5829-4854-4085-B836-69A8DB0A0C10} = {1B47EB9C-14F2-4073-B906-926B35F096E5}
		{E550F170-C130-47D4-978B-926914CC7C59} = {1B47EB9C-14F2-4073-B906-926B35F096E5}
	EndGlobalSection
	GlobalSection(ExtensibilityGlobals) = postSolution
		SolutionGuid = {26920035-EEB4-4947-A69E-154EE35A0E67}
	EndGlobalSection
EndGlobal
