
Microsoft Visual Studio Solution File, Format Version 12.00
# Visual Studio Version 17
VisualStudioVersion = 17.5.33530.505
MinimumVisualStudioVersion = 10.0.40219.1
Project("{2150E333-8FDC-42A3-9474-1A3956D46DE8}") = "Samples", "Samples", "{BAE2F4F8-5FBA-4AE1-97E2-D0A9CA68E41F}"
EndProject
Project("{9A19103F-16F7-4668-BE54-9A1E7A4F7556}") = "Sample.Xamarin.Core", "Samples\Sample.Xamarin.Core\Sample.Xamarin.Core.csproj", "{02726CAA-72F3-4E3C-B06D-51C77A4B82BD}"
EndProject
Project("{FAE04EC0-301F-11D3-BF4B-00C04F79EFBC}") = "Sample.Xamarin.iOS", "Samples\Sample.Xamarin.iOS\Sample.Xamarin.iOS.csproj", "{2863A4FF-3167-4085-AE99-ABC1AAFE99D8}"
EndProject
Project("{2150E333-8FDC-42A3-9474-1A3956D46DE8}") = "Tests", "Tests", "{0B602080-E0D6-4076-A709-4BE80FFAEAD8}"
EndProject
Project("{9A19103F-16F7-4668-BE54-9A1E7A4F7556}") = "Sentry.Xamarin.Forms.Testing", "Tests\Sentry.Xamarin.Forms.Testing\Sentry.Xamarin.Forms.Testing.csproj", "{7375E34B-2936-41D2-8DBD-A745BDC1662E}"
EndProject
Project("{2150E333-8FDC-42A3-9474-1A3956D46DE8}") = "Src", "Src", "{F9D3811B-6620-4ABC-A66E-D8E723A73817}"
	ProjectSection(SolutionItems) = preProject
		Src\Directory.Build.props = Src\Directory.Build.props
	EndProjectSection
EndProject
Project("{9A19103F-16F7-4668-BE54-9A1E7A4F7556}") = "Sentry.Xamarin", "Src\Sentry.Xamarin\Sentry.Xamarin.csproj", "{C911DD4B-BCDC-4D76-83D1-DC40379DF816}"
EndProject
Project("{9A19103F-16F7-4668-BE54-9A1E7A4F7556}") = "Sentry.Xamarin.Forms", "Src\Sentry.Xamarin.Forms\Sentry.Xamarin.Forms.csproj", "{145C0011-638B-4DE5-81BA-F1F9F0901037}"
EndProject
Project("{2150E333-8FDC-42A3-9474-1A3956D46DE8}") = ".root", ".root", "{A2B3AFD4-AB38-4C2A-9BC2-7B7BD509FA6B}"
	ProjectSection(SolutionItems) = preProject
		CHANGELOG.md = CHANGELOG.md
		Directory.Build.props = Directory.Build.props
	EndProjectSection
EndProject
Project("{9A19103F-16F7-4668-BE54-9A1E7A4F7556}") = "Sample.Xamarin.Mac", "Samples\Sample.Xamarin.Mac\Sample.Xamarin.Mac.csproj", "{1204E055-1BA8-4803-B98C-36C2CE608A54}"
EndProject
Project("{9344BDBB-3E7F-41FC-A0DD-8665D75EE146}") = "Sample.Xamarin.Droid", "Samples\Sample.Xamarin.Droid\Sample.Xamarin.Droid.csproj", "{30CF84A5-00CA-41F5-9815-E54B88CAA043}"
EndProject
Project("{9344BDBB-3E7F-41FC-A0DD-8665D75EE146}") = "Sample.Xamarin.UWP", "Samples\Sample.Xamarin.UWP\Sample.Xamarin.UWP.csproj", "{2A956BC8-8E02-4B9F-ADAC-8089193525F6}"
EndProject
Project("{9344BDBB-3E7F-41FC-A0DD-8665D75EE146}") = "com.sentry.ovenlibrary", "Samples\Forms\com.sentry.ovenlibrary\com.sentry.ovenlibrary.csproj", "{028CFB45-5A50-4210-A06D-E09A0B4C25FB}"
EndProject
Project("{9344BDBB-3E7F-41FC-A0DD-8665D75EE146}") = "Sentry.Xamarin.Tests", "Tests\Sentry.Xamarin.Tests\Sentry.Xamarin.Tests.csproj", "{FE7AD1B6-C1BE-4B69-BEF7-A5A839A01883}"
EndProject
Project("{9344BDBB-3E7F-41FC-A0DD-8665D75EE146}") = "Sentry.Xamarin.Forms.UWP.Tests", "Tests\Sentry.Xamarin.Forms.UWP.Tests\Sentry.Xamarin.Forms.UWP.Tests.csproj", "{4B5F4D6C-D575-4285-91CA-91E186136562}"
EndProject
Global
	GlobalSection(SolutionConfigurationPlatforms) = preSolution
		Debug|Any CPU = Debug|Any CPU
		Debug|ARM = Debug|ARM
		Debug|ARM64 = Debug|ARM64
		Debug|iPhone = Debug|iPhone
		Debug|iPhoneSimulator = Debug|iPhoneSimulator
		Debug|x64 = Debug|x64
		Debug|x86 = Debug|x86
		Release|Any CPU = Release|Any CPU
		Release|ARM = Release|ARM
		Release|ARM64 = Release|ARM64
		Release|iPhone = Release|iPhone
		Release|iPhoneSimulator = Release|iPhoneSimulator
		Release|x64 = Release|x64
		Release|x86 = Release|x86
	EndGlobalSection
	GlobalSection(ProjectConfigurationPlatforms) = postSolution
		{02726CAA-72F3-4E3C-B06D-51C77A4B82BD}.Debug|Any CPU.ActiveCfg = Debug|Any CPU
		{02726CAA-72F3-4E3C-B06D-51C77A4B82BD}.Debug|Any CPU.Build.0 = Debug|Any CPU
		{02726CAA-72F3-4E3C-B06D-51C77A4B82BD}.Debug|ARM.ActiveCfg = Debug|Any CPU
		{02726CAA-72F3-4E3C-B06D-51C77A4B82BD}.Debug|ARM.Build.0 = Debug|Any CPU
		{02726CAA-72F3-4E3C-B06D-51C77A4B82BD}.Debug|ARM64.ActiveCfg = Debug|Any CPU
		{02726CAA-72F3-4E3C-B06D-51C77A4B82BD}.Debug|ARM64.Build.0 = Debug|Any CPU
		{02726CAA-72F3-4E3C-B06D-51C77A4B82BD}.Debug|iPhone.ActiveCfg = Debug|Any CPU
		{02726CAA-72F3-4E3C-B06D-51C77A4B82BD}.Debug|iPhone.Build.0 = Debug|Any CPU
		{02726CAA-72F3-4E3C-B06D-51C77A4B82BD}.Debug|iPhoneSimulator.ActiveCfg = Debug|Any CPU
		{02726CAA-72F3-4E3C-B06D-51C77A4B82BD}.Debug|iPhoneSimulator.Build.0 = Debug|Any CPU
		{02726CAA-72F3-4E3C-B06D-51C77A4B82BD}.Debug|x64.ActiveCfg = Debug|Any CPU
		{02726CAA-72F3-4E3C-B06D-51C77A4B82BD}.Debug|x64.Build.0 = Debug|Any CPU
		{02726CAA-72F3-4E3C-B06D-51C77A4B82BD}.Debug|x86.ActiveCfg = Debug|Any CPU
		{02726CAA-72F3-4E3C-B06D-51C77A4B82BD}.Debug|x86.Build.0 = Debug|Any CPU
		{02726CAA-72F3-4E3C-B06D-51C77A4B82BD}.Release|Any CPU.ActiveCfg = Release|Any CPU
		{02726CAA-72F3-4E3C-B06D-51C77A4B82BD}.Release|Any CPU.Build.0 = Release|Any CPU
		{02726CAA-72F3-4E3C-B06D-51C77A4B82BD}.Release|ARM.ActiveCfg = Release|Any CPU
		{02726CAA-72F3-4E3C-B06D-51C77A4B82BD}.Release|ARM.Build.0 = Release|Any CPU
		{02726CAA-72F3-4E3C-B06D-51C77A4B82BD}.Release|ARM64.ActiveCfg = Release|Any CPU
		{02726CAA-72F3-4E3C-B06D-51C77A4B82BD}.Release|ARM64.Build.0 = Release|Any CPU
		{02726CAA-72F3-4E3C-B06D-51C77A4B82BD}.Release|iPhone.ActiveCfg = Release|Any CPU
		{02726CAA-72F3-4E3C-B06D-51C77A4B82BD}.Release|iPhone.Build.0 = Release|Any CPU
		{02726CAA-72F3-4E3C-B06D-51C77A4B82BD}.Release|iPhoneSimulator.ActiveCfg = Release|Any CPU
		{02726CAA-72F3-4E3C-B06D-51C77A4B82BD}.Release|iPhoneSimulator.Build.0 = Release|Any CPU
		{02726CAA-72F3-4E3C-B06D-51C77A4B82BD}.Release|x64.ActiveCfg = Release|Any CPU
		{02726CAA-72F3-4E3C-B06D-51C77A4B82BD}.Release|x64.Build.0 = Release|Any CPU
		{02726CAA-72F3-4E3C-B06D-51C77A4B82BD}.Release|x86.ActiveCfg = Release|Any CPU
		{02726CAA-72F3-4E3C-B06D-51C77A4B82BD}.Release|x86.Build.0 = Release|Any CPU
		{2863A4FF-3167-4085-AE99-ABC1AAFE99D8}.Debug|Any CPU.ActiveCfg = Debug|iPhoneSimulator
		{2863A4FF-3167-4085-AE99-ABC1AAFE99D8}.Debug|ARM.ActiveCfg = Debug|iPhone
		{2863A4FF-3167-4085-AE99-ABC1AAFE99D8}.Debug|ARM64.ActiveCfg = Debug|iPhone
		{2863A4FF-3167-4085-AE99-ABC1AAFE99D8}.Debug|iPhone.ActiveCfg = Debug|iPhone
		{2863A4FF-3167-4085-AE99-ABC1AAFE99D8}.Debug|iPhone.Build.0 = Debug|iPhone
		{2863A4FF-3167-4085-AE99-ABC1AAFE99D8}.Debug|iPhoneSimulator.ActiveCfg = Debug|iPhoneSimulator
		{2863A4FF-3167-4085-AE99-ABC1AAFE99D8}.Debug|iPhoneSimulator.Build.0 = Debug|iPhoneSimulator
		{2863A4FF-3167-4085-AE99-ABC1AAFE99D8}.Debug|x64.ActiveCfg = Debug|iPhone
		{2863A4FF-3167-4085-AE99-ABC1AAFE99D8}.Debug|x86.ActiveCfg = Debug|iPhone
		{2863A4FF-3167-4085-AE99-ABC1AAFE99D8}.Release|Any CPU.ActiveCfg = Release|iPhoneSimulator
		{2863A4FF-3167-4085-AE99-ABC1AAFE99D8}.Release|Any CPU.Build.0 = Release|iPhoneSimulator
		{2863A4FF-3167-4085-AE99-ABC1AAFE99D8}.Release|ARM.ActiveCfg = Release|iPhone
		{2863A4FF-3167-4085-AE99-ABC1AAFE99D8}.Release|ARM64.ActiveCfg = Release|iPhone
		{2863A4FF-3167-4085-AE99-ABC1AAFE99D8}.Release|iPhone.ActiveCfg = Release|iPhone
		{2863A4FF-3167-4085-AE99-ABC1AAFE99D8}.Release|iPhone.Build.0 = Release|iPhone
		{2863A4FF-3167-4085-AE99-ABC1AAFE99D8}.Release|iPhoneSimulator.ActiveCfg = Release|iPhoneSimulator
		{2863A4FF-3167-4085-AE99-ABC1AAFE99D8}.Release|iPhoneSimulator.Build.0 = Release|iPhoneSimulator
		{2863A4FF-3167-4085-AE99-ABC1AAFE99D8}.Release|x64.ActiveCfg = Release|iPhone
		{2863A4FF-3167-4085-AE99-ABC1AAFE99D8}.Release|x86.ActiveCfg = Release|iPhone
		{2863A4FF-3167-4085-AE99-ABC1AAFE99D8}.Debug|Any CPU.Build.0 = Debug|iPhoneSimulator
		{7375E34B-2936-41D2-8DBD-A745BDC1662E}.Debug|Any CPU.ActiveCfg = Debug|Any CPU
		{7375E34B-2936-41D2-8DBD-A745BDC1662E}.Debug|Any CPU.Build.0 = Debug|Any CPU
		{7375E34B-2936-41D2-8DBD-A745BDC1662E}.Debug|ARM.ActiveCfg = Debug|Any CPU
		{7375E34B-2936-41D2-8DBD-A745BDC1662E}.Debug|ARM.Build.0 = Debug|Any CPU
		{7375E34B-2936-41D2-8DBD-A745BDC1662E}.Debug|ARM64.ActiveCfg = Debug|Any CPU
		{7375E34B-2936-41D2-8DBD-A745BDC1662E}.Debug|ARM64.Build.0 = Debug|Any CPU
		{7375E34B-2936-41D2-8DBD-A745BDC1662E}.Debug|iPhone.ActiveCfg = Debug|Any CPU
		{7375E34B-2936-41D2-8DBD-A745BDC1662E}.Debug|iPhone.Build.0 = Debug|Any CPU
		{7375E34B-2936-41D2-8DBD-A745BDC1662E}.Debug|iPhoneSimulator.ActiveCfg = Debug|Any CPU
		{7375E34B-2936-41D2-8DBD-A745BDC1662E}.Debug|iPhoneSimulator.Build.0 = Debug|Any CPU
		{7375E34B-2936-41D2-8DBD-A745BDC1662E}.Debug|x64.ActiveCfg = Debug|Any CPU
		{7375E34B-2936-41D2-8DBD-A745BDC1662E}.Debug|x64.Build.0 = Debug|Any CPU
		{7375E34B-2936-41D2-8DBD-A745BDC1662E}.Debug|x86.ActiveCfg = Debug|Any CPU
		{7375E34B-2936-41D2-8DBD-A745BDC1662E}.Debug|x86.Build.0 = Debug|Any CPU
		{7375E34B-2936-41D2-8DBD-A745BDC1662E}.Release|Any CPU.ActiveCfg = Release|Any CPU
		{7375E34B-2936-41D2-8DBD-A745BDC1662E}.Release|Any CPU.Build.0 = Release|Any CPU
		{7375E34B-2936-41D2-8DBD-A745BDC1662E}.Release|ARM.ActiveCfg = Release|Any CPU
		{7375E34B-2936-41D2-8DBD-A745BDC1662E}.Release|ARM.Build.0 = Release|Any CPU
		{7375E34B-2936-41D2-8DBD-A745BDC1662E}.Release|ARM64.ActiveCfg = Release|Any CPU
		{7375E34B-2936-41D2-8DBD-A745BDC1662E}.Release|ARM64.Build.0 = Release|Any CPU
		{7375E34B-2936-41D2-8DBD-A745BDC1662E}.Release|iPhone.ActiveCfg = Release|Any CPU
		{7375E34B-2936-41D2-8DBD-A745BDC1662E}.Release|iPhone.Build.0 = Release|Any CPU
		{7375E34B-2936-41D2-8DBD-A745BDC1662E}.Release|iPhoneSimulator.ActiveCfg = Release|Any CPU
		{7375E34B-2936-41D2-8DBD-A745BDC1662E}.Release|iPhoneSimulator.Build.0 = Release|Any CPU
		{7375E34B-2936-41D2-8DBD-A745BDC1662E}.Release|x64.ActiveCfg = Release|Any CPU
		{7375E34B-2936-41D2-8DBD-A745BDC1662E}.Release|x64.Build.0 = Release|Any CPU
		{7375E34B-2936-41D2-8DBD-A745BDC1662E}.Release|x86.ActiveCfg = Release|Any CPU
		{7375E34B-2936-41D2-8DBD-A745BDC1662E}.Release|x86.Build.0 = Release|Any CPU
		{C911DD4B-BCDC-4D76-83D1-DC40379DF816}.Debug|Any CPU.ActiveCfg = Debug|Any CPU
		{C911DD4B-BCDC-4D76-83D1-DC40379DF816}.Debug|Any CPU.Build.0 = Debug|Any CPU
		{C911DD4B-BCDC-4D76-83D1-DC40379DF816}.Debug|ARM.ActiveCfg = Debug|Any CPU
		{C911DD4B-BCDC-4D76-83D1-DC40379DF816}.Debug|ARM.Build.0 = Debug|Any CPU
		{C911DD4B-BCDC-4D76-83D1-DC40379DF816}.Debug|ARM64.ActiveCfg = Debug|Any CPU
		{C911DD4B-BCDC-4D76-83D1-DC40379DF816}.Debug|ARM64.Build.0 = Debug|Any CPU
		{C911DD4B-BCDC-4D76-83D1-DC40379DF816}.Debug|iPhone.ActiveCfg = Debug|Any CPU
		{C911DD4B-BCDC-4D76-83D1-DC40379DF816}.Debug|iPhone.Build.0 = Debug|Any CPU
		{C911DD4B-BCDC-4D76-83D1-DC40379DF816}.Debug|iPhoneSimulator.ActiveCfg = Debug|Any CPU
		{C911DD4B-BCDC-4D76-83D1-DC40379DF816}.Debug|iPhoneSimulator.Build.0 = Debug|Any CPU
		{C911DD4B-BCDC-4D76-83D1-DC40379DF816}.Debug|x64.ActiveCfg = Debug|Any CPU
		{C911DD4B-BCDC-4D76-83D1-DC40379DF816}.Debug|x64.Build.0 = Debug|Any CPU
		{C911DD4B-BCDC-4D76-83D1-DC40379DF816}.Debug|x86.ActiveCfg = Debug|Any CPU
		{C911DD4B-BCDC-4D76-83D1-DC40379DF816}.Debug|x86.Build.0 = Debug|Any CPU
		{C911DD4B-BCDC-4D76-83D1-DC40379DF816}.Release|Any CPU.ActiveCfg = Release|Any CPU
		{C911DD4B-BCDC-4D76-83D1-DC40379DF816}.Release|Any CPU.Build.0 = Release|Any CPU
		{C911DD4B-BCDC-4D76-83D1-DC40379DF816}.Release|ARM.ActiveCfg = Release|Any CPU
		{C911DD4B-BCDC-4D76-83D1-DC40379DF816}.Release|ARM.Build.0 = Release|Any CPU
		{C911DD4B-BCDC-4D76-83D1-DC40379DF816}.Release|ARM64.ActiveCfg = Release|Any CPU
		{C911DD4B-BCDC-4D76-83D1-DC40379DF816}.Release|ARM64.Build.0 = Release|Any CPU
		{C911DD4B-BCDC-4D76-83D1-DC40379DF816}.Release|iPhone.ActiveCfg = Release|Any CPU
		{C911DD4B-BCDC-4D76-83D1-DC40379DF816}.Release|iPhone.Build.0 = Release|Any CPU
		{C911DD4B-BCDC-4D76-83D1-DC40379DF816}.Release|iPhoneSimulator.ActiveCfg = Release|Any CPU
		{C911DD4B-BCDC-4D76-83D1-DC40379DF816}.Release|iPhoneSimulator.Build.0 = Release|Any CPU
		{C911DD4B-BCDC-4D76-83D1-DC40379DF816}.Release|x64.ActiveCfg = Release|Any CPU
		{C911DD4B-BCDC-4D76-83D1-DC40379DF816}.Release|x64.Build.0 = Release|Any CPU
		{C911DD4B-BCDC-4D76-83D1-DC40379DF816}.Release|x86.ActiveCfg = Release|Any CPU
		{C911DD4B-BCDC-4D76-83D1-DC40379DF816}.Release|x86.Build.0 = Release|Any CPU
		{145C0011-638B-4DE5-81BA-F1F9F0901037}.Debug|Any CPU.ActiveCfg = Debug|Any CPU
		{145C0011-638B-4DE5-81BA-F1F9F0901037}.Debug|Any CPU.Build.0 = Debug|Any CPU
		{145C0011-638B-4DE5-81BA-F1F9F0901037}.Debug|ARM.ActiveCfg = Debug|Any CPU
		{145C0011-638B-4DE5-81BA-F1F9F0901037}.Debug|ARM.Build.0 = Debug|Any CPU
		{145C0011-638B-4DE5-81BA-F1F9F0901037}.Debug|ARM64.ActiveCfg = Debug|Any CPU
		{145C0011-638B-4DE5-81BA-F1F9F0901037}.Debug|ARM64.Build.0 = Debug|Any CPU
		{145C0011-638B-4DE5-81BA-F1F9F0901037}.Debug|iPhone.ActiveCfg = Debug|Any CPU
		{145C0011-638B-4DE5-81BA-F1F9F0901037}.Debug|iPhone.Build.0 = Debug|Any CPU
		{145C0011-638B-4DE5-81BA-F1F9F0901037}.Debug|iPhoneSimulator.ActiveCfg = Debug|Any CPU
		{145C0011-638B-4DE5-81BA-F1F9F0901037}.Debug|iPhoneSimulator.Build.0 = Debug|Any CPU
		{145C0011-638B-4DE5-81BA-F1F9F0901037}.Debug|x64.ActiveCfg = Debug|Any CPU
		{145C0011-638B-4DE5-81BA-F1F9F0901037}.Debug|x64.Build.0 = Debug|Any CPU
		{145C0011-638B-4DE5-81BA-F1F9F0901037}.Debug|x86.ActiveCfg = Debug|Any CPU
		{145C0011-638B-4DE5-81BA-F1F9F0901037}.Debug|x86.Build.0 = Debug|Any CPU
		{145C0011-638B-4DE5-81BA-F1F9F0901037}.Release|Any CPU.ActiveCfg = Release|Any CPU
		{145C0011-638B-4DE5-81BA-F1F9F0901037}.Release|Any CPU.Build.0 = Release|Any CPU
		{145C0011-638B-4DE5-81BA-F1F9F0901037}.Release|ARM.ActiveCfg = Release|Any CPU
		{145C0011-638B-4DE5-81BA-F1F9F0901037}.Release|ARM.Build.0 = Release|Any CPU
		{145C0011-638B-4DE5-81BA-F1F9F0901037}.Release|ARM64.ActiveCfg = Release|Any CPU
		{145C0011-638B-4DE5-81BA-F1F9F0901037}.Release|ARM64.Build.0 = Release|Any CPU
		{145C0011-638B-4DE5-81BA-F1F9F0901037}.Release|iPhone.ActiveCfg = Release|Any CPU
		{145C0011-638B-4DE5-81BA-F1F9F0901037}.Release|iPhone.Build.0 = Release|Any CPU
		{145C0011-638B-4DE5-81BA-F1F9F0901037}.Release|iPhoneSimulator.ActiveCfg = Release|Any CPU
		{145C0011-638B-4DE5-81BA-F1F9F0901037}.Release|iPhoneSimulator.Build.0 = Release|Any CPU
		{145C0011-638B-4DE5-81BA-F1F9F0901037}.Release|x64.ActiveCfg = Release|Any CPU
		{145C0011-638B-4DE5-81BA-F1F9F0901037}.Release|x64.Build.0 = Release|Any CPU
		{145C0011-638B-4DE5-81BA-F1F9F0901037}.Release|x86.ActiveCfg = Release|Any CPU
		{145C0011-638B-4DE5-81BA-F1F9F0901037}.Release|x86.Build.0 = Release|Any CPU
		{1204E055-1BA8-4803-B98C-36C2CE608A54}.Debug|Any CPU.ActiveCfg = Debug|Any CPU
		{1204E055-1BA8-4803-B98C-36C2CE608A54}.Debug|Any CPU.Build.0 = Debug|Any CPU
		{1204E055-1BA8-4803-B98C-36C2CE608A54}.Debug|ARM.ActiveCfg = Debug|Any CPU
		{1204E055-1BA8-4803-B98C-36C2CE608A54}.Debug|ARM64.ActiveCfg = Debug|Any CPU
		{1204E055-1BA8-4803-B98C-36C2CE608A54}.Debug|iPhone.ActiveCfg = Debug|Any CPU
		{1204E055-1BA8-4803-B98C-36C2CE608A54}.Debug|iPhoneSimulator.ActiveCfg = Debug|Any CPU
		{1204E055-1BA8-4803-B98C-36C2CE608A54}.Debug|x64.ActiveCfg = Debug|Any CPU
		{1204E055-1BA8-4803-B98C-36C2CE608A54}.Debug|x86.ActiveCfg = Debug|Any CPU
		{1204E055-1BA8-4803-B98C-36C2CE608A54}.Release|Any CPU.ActiveCfg = Release|Any CPU
		{1204E055-1BA8-4803-B98C-36C2CE608A54}.Release|ARM.ActiveCfg = Release|Any CPU
		{1204E055-1BA8-4803-B98C-36C2CE608A54}.Release|ARM64.ActiveCfg = Release|Any CPU
		{1204E055-1BA8-4803-B98C-36C2CE608A54}.Release|iPhone.ActiveCfg = Release|Any CPU
		{1204E055-1BA8-4803-B98C-36C2CE608A54}.Release|iPhoneSimulator.ActiveCfg = Release|Any CPU
		{1204E055-1BA8-4803-B98C-36C2CE608A54}.Release|x64.ActiveCfg = Release|Any CPU
		{1204E055-1BA8-4803-B98C-36C2CE608A54}.Release|x86.ActiveCfg = Release|Any CPU
		{1204E055-1BA8-4803-B98C-36C2CE608A54}.Release|Any CPU.Build.0 = Release|Any CPU
		{30CF84A5-00CA-41F5-9815-E54B88CAA043}.Debug|Any CPU.ActiveCfg = Debug|Any CPU
		{30CF84A5-00CA-41F5-9815-E54B88CAA043}.Debug|Any CPU.Build.0 = Debug|Any CPU
		{30CF84A5-00CA-41F5-9815-E54B88CAA043}.Debug|Any CPU.Deploy.0 = Debug|Any CPU
		{30CF84A5-00CA-41F5-9815-E54B88CAA043}.Debug|ARM.ActiveCfg = Debug|Any CPU
		{30CF84A5-00CA-41F5-9815-E54B88CAA043}.Debug|ARM.Build.0 = Debug|Any CPU
		{30CF84A5-00CA-41F5-9815-E54B88CAA043}.Debug|ARM.Deploy.0 = Debug|Any CPU
		{30CF84A5-00CA-41F5-9815-E54B88CAA043}.Debug|ARM64.ActiveCfg = Debug|Any CPU
		{30CF84A5-00CA-41F5-9815-E54B88CAA043}.Debug|ARM64.Build.0 = Debug|Any CPU
		{30CF84A5-00CA-41F5-9815-E54B88CAA043}.Debug|ARM64.Deploy.0 = Debug|Any CPU
		{30CF84A5-00CA-41F5-9815-E54B88CAA043}.Debug|iPhone.ActiveCfg = Debug|Any CPU
		{30CF84A5-00CA-41F5-9815-E54B88CAA043}.Debug|iPhone.Build.0 = Debug|Any CPU
		{30CF84A5-00CA-41F5-9815-E54B88CAA043}.Debug|iPhone.Deploy.0 = Debug|Any CPU
		{30CF84A5-00CA-41F5-9815-E54B88CAA043}.Debug|iPhoneSimulator.ActiveCfg = Debug|Any CPU
		{30CF84A5-00CA-41F5-9815-E54B88CAA043}.Debug|iPhoneSimulator.Build.0 = Debug|Any CPU
		{30CF84A5-00CA-41F5-9815-E54B88CAA043}.Debug|iPhoneSimulator.Deploy.0 = Debug|Any CPU
		{30CF84A5-00CA-41F5-9815-E54B88CAA043}.Debug|x64.ActiveCfg = Debug|Any CPU
		{30CF84A5-00CA-41F5-9815-E54B88CAA043}.Debug|x64.Build.0 = Debug|Any CPU
		{30CF84A5-00CA-41F5-9815-E54B88CAA043}.Debug|x64.Deploy.0 = Debug|Any CPU
		{30CF84A5-00CA-41F5-9815-E54B88CAA043}.Debug|x86.ActiveCfg = Debug|Any CPU
		{30CF84A5-00CA-41F5-9815-E54B88CAA043}.Debug|x86.Build.0 = Debug|Any CPU
		{30CF84A5-00CA-41F5-9815-E54B88CAA043}.Debug|x86.Deploy.0 = Debug|Any CPU
		{30CF84A5-00CA-41F5-9815-E54B88CAA043}.Release|Any CPU.ActiveCfg = Release|Any CPU
		{30CF84A5-00CA-41F5-9815-E54B88CAA043}.Release|Any CPU.Build.0 = Release|Any CPU
		{30CF84A5-00CA-41F5-9815-E54B88CAA043}.Release|Any CPU.Deploy.0 = Release|Any CPU
		{30CF84A5-00CA-41F5-9815-E54B88CAA043}.Release|ARM.ActiveCfg = Release|Any CPU
		{30CF84A5-00CA-41F5-9815-E54B88CAA043}.Release|ARM.Build.0 = Release|Any CPU
		{30CF84A5-00CA-41F5-9815-E54B88CAA043}.Release|ARM.Deploy.0 = Release|Any CPU
		{30CF84A5-00CA-41F5-9815-E54B88CAA043}.Release|ARM64.ActiveCfg = Release|Any CPU
		{30CF84A5-00CA-41F5-9815-E54B88CAA043}.Release|ARM64.Build.0 = Release|Any CPU
		{30CF84A5-00CA-41F5-9815-E54B88CAA043}.Release|ARM64.Deploy.0 = Release|Any CPU
		{30CF84A5-00CA-41F5-9815-E54B88CAA043}.Release|iPhone.ActiveCfg = Release|Any CPU
		{30CF84A5-00CA-41F5-9815-E54B88CAA043}.Release|iPhone.Build.0 = Release|Any CPU
		{30CF84A5-00CA-41F5-9815-E54B88CAA043}.Release|iPhone.Deploy.0 = Release|Any CPU
		{30CF84A5-00CA-41F5-9815-E54B88CAA043}.Release|iPhoneSimulator.ActiveCfg = Release|Any CPU
		{30CF84A5-00CA-41F5-9815-E54B88CAA043}.Release|iPhoneSimulator.Build.0 = Release|Any CPU
		{30CF84A5-00CA-41F5-9815-E54B88CAA043}.Release|iPhoneSimulator.Deploy.0 = Release|Any CPU
		{30CF84A5-00CA-41F5-9815-E54B88CAA043}.Release|x64.ActiveCfg = Release|Any CPU
		{30CF84A5-00CA-41F5-9815-E54B88CAA043}.Release|x64.Build.0 = Release|Any CPU
		{30CF84A5-00CA-41F5-9815-E54B88CAA043}.Release|x64.Deploy.0 = Release|Any CPU
		{30CF84A5-00CA-41F5-9815-E54B88CAA043}.Release|x86.ActiveCfg = Release|Any CPU
		{30CF84A5-00CA-41F5-9815-E54B88CAA043}.Release|x86.Build.0 = Release|Any CPU
		{30CF84A5-00CA-41F5-9815-E54B88CAA043}.Release|x86.Deploy.0 = Release|Any CPU
		{2A956BC8-8E02-4B9F-ADAC-8089193525F6}.Debug|Any CPU.ActiveCfg = Debug|x86
		{2A956BC8-8E02-4B9F-ADAC-8089193525F6}.Debug|Any CPU.Build.0 = Debug|x86
		{2A956BC8-8E02-4B9F-ADAC-8089193525F6}.Debug|Any CPU.Deploy.0 = Debug|x86
		{2A956BC8-8E02-4B9F-ADAC-8089193525F6}.Debug|ARM.ActiveCfg = Debug|ARM
		{2A956BC8-8E02-4B9F-ADAC-8089193525F6}.Debug|ARM.Build.0 = Debug|ARM
		{2A956BC8-8E02-4B9F-ADAC-8089193525F6}.Debug|ARM.Deploy.0 = Debug|ARM
		{2A956BC8-8E02-4B9F-ADAC-8089193525F6}.Debug|ARM64.ActiveCfg = Debug|ARM64
		{2A956BC8-8E02-4B9F-ADAC-8089193525F6}.Debug|ARM64.Build.0 = Debug|ARM64
		{2A956BC8-8E02-4B9F-ADAC-8089193525F6}.Debug|ARM64.Deploy.0 = Debug|ARM64
		{2A956BC8-8E02-4B9F-ADAC-8089193525F6}.Debug|iPhone.ActiveCfg = Debug|x86
		{2A956BC8-8E02-4B9F-ADAC-8089193525F6}.Debug|iPhoneSimulator.ActiveCfg = Debug|x86
		{2A956BC8-8E02-4B9F-ADAC-8089193525F6}.Debug|x64.ActiveCfg = Debug|x64
		{2A956BC8-8E02-4B9F-ADAC-8089193525F6}.Debug|x64.Build.0 = Debug|x64
		{2A956BC8-8E02-4B9F-ADAC-8089193525F6}.Debug|x64.Deploy.0 = Debug|x64
		{2A956BC8-8E02-4B9F-ADAC-8089193525F6}.Debug|x86.ActiveCfg = Debug|x86
		{2A956BC8-8E02-4B9F-ADAC-8089193525F6}.Debug|x86.Build.0 = Debug|x86
		{2A956BC8-8E02-4B9F-ADAC-8089193525F6}.Debug|x86.Deploy.0 = Debug|x86
		{2A956BC8-8E02-4B9F-ADAC-8089193525F6}.Release|Any CPU.ActiveCfg = Release|x86
		{2A956BC8-8E02-4B9F-ADAC-8089193525F6}.Release|Any CPU.Build.0 = Release|x86
		{2A956BC8-8E02-4B9F-ADAC-8089193525F6}.Release|Any CPU.Deploy.0 = Release|x86
		{2A956BC8-8E02-4B9F-ADAC-8089193525F6}.Release|ARM.ActiveCfg = Release|ARM
		{2A956BC8-8E02-4B9F-ADAC-8089193525F6}.Release|ARM.Build.0 = Release|ARM
		{2A956BC8-8E02-4B9F-ADAC-8089193525F6}.Release|ARM.Deploy.0 = Release|ARM
		{2A956BC8-8E02-4B9F-ADAC-8089193525F6}.Release|ARM64.ActiveCfg = Release|ARM64
		{2A956BC8-8E02-4B9F-ADAC-8089193525F6}.Release|ARM64.Build.0 = Release|ARM64
		{2A956BC8-8E02-4B9F-ADAC-8089193525F6}.Release|ARM64.Deploy.0 = Release|ARM64
		{2A956BC8-8E02-4B9F-ADAC-8089193525F6}.Release|iPhone.ActiveCfg = Release|x86
		{2A956BC8-8E02-4B9F-ADAC-8089193525F6}.Release|iPhoneSimulator.ActiveCfg = Release|x86
		{2A956BC8-8E02-4B9F-ADAC-8089193525F6}.Release|x64.ActiveCfg = Release|x64
		{2A956BC8-8E02-4B9F-ADAC-8089193525F6}.Release|x64.Build.0 = Release|x64
		{2A956BC8-8E02-4B9F-ADAC-8089193525F6}.Release|x64.Deploy.0 = Release|x64
		{2A956BC8-8E02-4B9F-ADAC-8089193525F6}.Release|x86.ActiveCfg = Release|x86
		{2A956BC8-8E02-4B9F-ADAC-8089193525F6}.Release|x86.Build.0 = Release|x86
		{2A956BC8-8E02-4B9F-ADAC-8089193525F6}.Release|x86.Deploy.0 = Release|x86
		{028CFB45-5A50-4210-A06D-E09A0B4C25FB}.Debug|Any CPU.ActiveCfg = Debug|Any CPU
		{028CFB45-5A50-4210-A06D-E09A0B4C25FB}.Debug|Any CPU.Build.0 = Debug|Any CPU
		{028CFB45-5A50-4210-A06D-E09A0B4C25FB}.Debug|ARM.ActiveCfg = Debug|Any CPU
		{028CFB45-5A50-4210-A06D-E09A0B4C25FB}.Debug|ARM.Build.0 = Debug|Any CPU
		{028CFB45-5A50-4210-A06D-E09A0B4C25FB}.Debug|ARM64.ActiveCfg = Debug|Any CPU
		{028CFB45-5A50-4210-A06D-E09A0B4C25FB}.Debug|ARM64.Build.0 = Debug|Any CPU
		{028CFB45-5A50-4210-A06D-E09A0B4C25FB}.Debug|iPhone.ActiveCfg = Debug|Any CPU
		{028CFB45-5A50-4210-A06D-E09A0B4C25FB}.Debug|iPhone.Build.0 = Debug|Any CPU
		{028CFB45-5A50-4210-A06D-E09A0B4C25FB}.Debug|iPhoneSimulator.ActiveCfg = Debug|Any CPU
		{028CFB45-5A50-4210-A06D-E09A0B4C25FB}.Debug|iPhoneSimulator.Build.0 = Debug|Any CPU
		{028CFB45-5A50-4210-A06D-E09A0B4C25FB}.Debug|x64.ActiveCfg = Debug|Any CPU
		{028CFB45-5A50-4210-A06D-E09A0B4C25FB}.Debug|x64.Build.0 = Debug|Any CPU
		{028CFB45-5A50-4210-A06D-E09A0B4C25FB}.Debug|x86.ActiveCfg = Debug|Any CPU
		{028CFB45-5A50-4210-A06D-E09A0B4C25FB}.Debug|x86.Build.0 = Debug|Any CPU
		{028CFB45-5A50-4210-A06D-E09A0B4C25FB}.Release|Any CPU.ActiveCfg = Release|Any CPU
		{028CFB45-5A50-4210-A06D-E09A0B4C25FB}.Release|Any CPU.Build.0 = Release|Any CPU
		{028CFB45-5A50-4210-A06D-E09A0B4C25FB}.Release|ARM.ActiveCfg = Release|Any CPU
		{028CFB45-5A50-4210-A06D-E09A0B4C25FB}.Release|ARM.Build.0 = Release|Any CPU
		{028CFB45-5A50-4210-A06D-E09A0B4C25FB}.Release|ARM64.ActiveCfg = Release|Any CPU
		{028CFB45-5A50-4210-A06D-E09A0B4C25FB}.Release|ARM64.Build.0 = Release|Any CPU
		{028CFB45-5A50-4210-A06D-E09A0B4C25FB}.Release|iPhone.ActiveCfg = Release|Any CPU
		{028CFB45-5A50-4210-A06D-E09A0B4C25FB}.Release|iPhone.Build.0 = Release|Any CPU
		{028CFB45-5A50-4210-A06D-E09A0B4C25FB}.Release|iPhoneSimulator.ActiveCfg = Release|Any CPU
		{028CFB45-5A50-4210-A06D-E09A0B4C25FB}.Release|iPhoneSimulator.Build.0 = Release|Any CPU
		{028CFB45-5A50-4210-A06D-E09A0B4C25FB}.Release|x64.ActiveCfg = Release|Any CPU
		{028CFB45-5A50-4210-A06D-E09A0B4C25FB}.Release|x64.Build.0 = Release|Any CPU
		{028CFB45-5A50-4210-A06D-E09A0B4C25FB}.Release|x86.ActiveCfg = Release|Any CPU
		{028CFB45-5A50-4210-A06D-E09A0B4C25FB}.Release|x86.Build.0 = Release|Any CPU
		{FE7AD1B6-C1BE-4B69-BEF7-A5A839A01883}.Debug|Any CPU.ActiveCfg = Debug|Any CPU
		{FE7AD1B6-C1BE-4B69-BEF7-A5A839A01883}.Debug|Any CPU.Build.0 = Debug|Any CPU
		{FE7AD1B6-C1BE-4B69-BEF7-A5A839A01883}.Debug|ARM.ActiveCfg = Debug|Any CPU
		{FE7AD1B6-C1BE-4B69-BEF7-A5A839A01883}.Debug|ARM.Build.0 = Debug|Any CPU
		{FE7AD1B6-C1BE-4B69-BEF7-A5A839A01883}.Debug|ARM64.ActiveCfg = Debug|Any CPU
		{FE7AD1B6-C1BE-4B69-BEF7-A5A839A01883}.Debug|ARM64.Build.0 = Debug|Any CPU
		{FE7AD1B6-C1BE-4B69-BEF7-A5A839A01883}.Debug|iPhone.ActiveCfg = Debug|Any CPU
		{FE7AD1B6-C1BE-4B69-BEF7-A5A839A01883}.Debug|iPhone.Build.0 = Debug|Any CPU
		{FE7AD1B6-C1BE-4B69-BEF7-A5A839A01883}.Debug|iPhoneSimulator.ActiveCfg = Debug|Any CPU
		{FE7AD1B6-C1BE-4B69-BEF7-A5A839A01883}.Debug|iPhoneSimulator.Build.0 = Debug|Any CPU
		{FE7AD1B6-C1BE-4B69-BEF7-A5A839A01883}.Debug|x64.ActiveCfg = Debug|Any CPU
		{FE7AD1B6-C1BE-4B69-BEF7-A5A839A01883}.Debug|x64.Build.0 = Debug|Any CPU
		{FE7AD1B6-C1BE-4B69-BEF7-A5A839A01883}.Debug|x86.ActiveCfg = Debug|Any CPU
		{FE7AD1B6-C1BE-4B69-BEF7-A5A839A01883}.Debug|x86.Build.0 = Debug|Any CPU
		{FE7AD1B6-C1BE-4B69-BEF7-A5A839A01883}.Release|Any CPU.ActiveCfg = Release|Any CPU
		{FE7AD1B6-C1BE-4B69-BEF7-A5A839A01883}.Release|Any CPU.Build.0 = Release|Any CPU
		{FE7AD1B6-C1BE-4B69-BEF7-A5A839A01883}.Release|ARM.ActiveCfg = Release|Any CPU
		{FE7AD1B6-C1BE-4B69-BEF7-A5A839A01883}.Release|ARM.Build.0 = Release|Any CPU
		{FE7AD1B6-C1BE-4B69-BEF7-A5A839A01883}.Release|ARM64.ActiveCfg = Release|Any CPU
		{FE7AD1B6-C1BE-4B69-BEF7-A5A839A01883}.Release|ARM64.Build.0 = Release|Any CPU
		{FE7AD1B6-C1BE-4B69-BEF7-A5A839A01883}.Release|iPhone.ActiveCfg = Release|Any CPU
		{FE7AD1B6-C1BE-4B69-BEF7-A5A839A01883}.Release|iPhone.Build.0 = Release|Any CPU
		{FE7AD1B6-C1BE-4B69-BEF7-A5A839A01883}.Release|iPhoneSimulator.ActiveCfg = Release|Any CPU
		{FE7AD1B6-C1BE-4B69-BEF7-A5A839A01883}.Release|iPhoneSimulator.Build.0 = Release|Any CPU
		{FE7AD1B6-C1BE-4B69-BEF7-A5A839A01883}.Release|x64.ActiveCfg = Release|Any CPU
		{FE7AD1B6-C1BE-4B69-BEF7-A5A839A01883}.Release|x64.Build.0 = Release|Any CPU
		{FE7AD1B6-C1BE-4B69-BEF7-A5A839A01883}.Release|x86.ActiveCfg = Release|Any CPU
		{FE7AD1B6-C1BE-4B69-BEF7-A5A839A01883}.Release|x86.Build.0 = Release|Any CPU
		{4B5F4D6C-D575-4285-91CA-91E186136562}.Debug|Any CPU.ActiveCfg = Debug|x86
		{4B5F4D6C-D575-4285-91CA-91E186136562}.Debug|Any CPU.Build.0 = Debug|x86
		{4B5F4D6C-D575-4285-91CA-91E186136562}.Debug|ARM.ActiveCfg = Debug|ARM
		{4B5F4D6C-D575-4285-91CA-91E186136562}.Debug|ARM.Build.0 = Debug|ARM
		{4B5F4D6C-D575-4285-91CA-91E186136562}.Debug|ARM.Deploy.0 = Debug|ARM
		{4B5F4D6C-D575-4285-91CA-91E186136562}.Debug|ARM64.ActiveCfg = Debug|ARM64
		{4B5F4D6C-D575-4285-91CA-91E186136562}.Debug|ARM64.Build.0 = Debug|ARM64
		{4B5F4D6C-D575-4285-91CA-91E186136562}.Debug|ARM64.Deploy.0 = Debug|ARM64
		{4B5F4D6C-D575-4285-91CA-91E186136562}.Debug|iPhone.ActiveCfg = Debug|x86
		{4B5F4D6C-D575-4285-91CA-91E186136562}.Debug|iPhoneSimulator.ActiveCfg = Debug|x86
		{4B5F4D6C-D575-4285-91CA-91E186136562}.Debug|x64.ActiveCfg = Debug|x64
		{4B5F4D6C-D575-4285-91CA-91E186136562}.Debug|x64.Build.0 = Debug|x64
		{4B5F4D6C-D575-4285-91CA-91E186136562}.Debug|x64.Deploy.0 = Debug|x64
		{4B5F4D6C-D575-4285-91CA-91E186136562}.Debug|x86.ActiveCfg = Debug|x86
		{4B5F4D6C-D575-4285-91CA-91E186136562}.Debug|x86.Build.0 = Debug|x86
		{4B5F4D6C-D575-4285-91CA-91E186136562}.Debug|x86.Deploy.0 = Debug|x86
		{4B5F4D6C-D575-4285-91CA-91E186136562}.Release|Any CPU.ActiveCfg = Release|x86
		{4B5F4D6C-D575-4285-91CA-91E186136562}.Release|Any CPU.Build.0 = Release|x86
		{4B5F4D6C-D575-4285-91CA-91E186136562}.Release|ARM.ActiveCfg = Release|ARM
		{4B5F4D6C-D575-4285-91CA-91E186136562}.Release|ARM.Build.0 = Release|ARM
		{4B5F4D6C-D575-4285-91CA-91E186136562}.Release|ARM.Deploy.0 = Release|ARM
		{4B5F4D6C-D575-4285-91CA-91E186136562}.Release|ARM64.ActiveCfg = Release|ARM64
		{4B5F4D6C-D575-4285-91CA-91E186136562}.Release|ARM64.Build.0 = Release|ARM64
		{4B5F4D6C-D575-4285-91CA-91E186136562}.Release|ARM64.Deploy.0 = Release|ARM64
		{4B5F4D6C-D575-4285-91CA-91E186136562}.Release|iPhone.ActiveCfg = Release|x86
		{4B5F4D6C-D575-4285-91CA-91E186136562}.Release|iPhoneSimulator.ActiveCfg = Release|x86
		{4B5F4D6C-D575-4285-91CA-91E186136562}.Release|x64.ActiveCfg = Release|x64
		{4B5F4D6C-D575-4285-91CA-91E186136562}.Release|x64.Build.0 = Release|x64
		{4B5F4D6C-D575-4285-91CA-91E186136562}.Release|x64.Deploy.0 = Release|x64
		{4B5F4D6C-D575-4285-91CA-91E186136562}.Release|x86.ActiveCfg = Release|x86
		{4B5F4D6C-D575-4285-91CA-91E186136562}.Release|x86.Build.0 = Release|x86
		{4B5F4D6C-D575-4285-91CA-91E186136562}.Release|x86.Deploy.0 = Release|x86
	EndGlobalSection
	GlobalSection(SolutionProperties) = preSolution
		HideSolutionNode = FALSE
	EndGlobalSection
	GlobalSection(NestedProjects) = preSolution
		{02726CAA-72F3-4E3C-B06D-51C77A4B82BD} = {BAE2F4F8-5FBA-4AE1-97E2-D0A9CA68E41F}
		{2863A4FF-3167-4085-AE99-ABC1AAFE99D8} = {BAE2F4F8-5FBA-4AE1-97E2-D0A9CA68E41F}
		{7375E34B-2936-41D2-8DBD-A745BDC1662E} = {0B602080-E0D6-4076-A709-4BE80FFAEAD8}
		{C911DD4B-BCDC-4D76-83D1-DC40379DF816} = {F9D3811B-6620-4ABC-A66E-D8E723A73817}
		{145C0011-638B-4DE5-81BA-F1F9F0901037} = {F9D3811B-6620-4ABC-A66E-D8E723A73817}
		{1204E055-1BA8-4803-B98C-36C2CE608A54} = {BAE2F4F8-5FBA-4AE1-97E2-D0A9CA68E41F}
		{30CF84A5-00CA-41F5-9815-E54B88CAA043} = {BAE2F4F8-5FBA-4AE1-97E2-D0A9CA68E41F}
		{2A956BC8-8E02-4B9F-ADAC-8089193525F6} = {BAE2F4F8-5FBA-4AE1-97E2-D0A9CA68E41F}
		{028CFB45-5A50-4210-A06D-E09A0B4C25FB} = {BAE2F4F8-5FBA-4AE1-97E2-D0A9CA68E41F}
		{FE7AD1B6-C1BE-4B69-BEF7-A5A839A01883} = {0B602080-E0D6-4076-A709-4BE80FFAEAD8}
		{4B5F4D6C-D575-4285-91CA-91E186136562} = {0B602080-E0D6-4076-A709-4BE80FFAEAD8}
	EndGlobalSection
	GlobalSection(ExtensibilityGlobals) = postSolution
		SolutionGuid = {26920035-EEB4-4947-A69E-154EE35A0E67}
	EndGlobalSection
	GlobalSection(MonoDevelopProperties) = preSolution
		Policies = $0
		$0.DotNetNamingPolicy = $1
		$1.DirectoryNamespaceAssociation = PrefixedHierarchical
		$0.TextStylePolicy = $2
		$2.inheritsSet = null
		$2.scope = application/xaml
		$0.XmlFormattingPolicy = $3
		$3.inheritsSet = null
		$3.scope = application/xaml
		$0.TextStylePolicy = $4
		$4.inheritsSet = null
		$4.scope = application/xml
		$0.XmlFormattingPolicy = $5
		$5.scope = application/xml
		$0.TextStylePolicy = $6
		$6.FileWidth = 80
		$6.TabsToSpaces = True
		$6.scope = text/plain
		$0.TextStylePolicy = $7
		$7.inheritsSet = null
		$7.scope = text/x-csharp
		$0.CSharpFormattingPolicy = $8
		$8.scope = text/x-csharp
		$0.TextStylePolicy = $9
		$9.inheritsSet = null
		$9.scope = application/x-msbuild
		$0.XmlFormattingPolicy = $10
		$10.inheritsSet = null
		$10.scope = application/x-msbuild
		$0.TextStylePolicy = $11
		$11.inheritsSet = null
		$11.scope = text/x-vs
		$0.StandardHeader = $12
	EndGlobalSection
EndGlobal
